schema: '2.0'
stages:
  data_ingestion:
    cmd: python src/cnnClassifier/pipeline/stage_01_data_ingestion.py
    deps:
    - path: config/config.yaml
      hash: md5
      md5: f867c7f699cb1a2e49646a8c210c9d22
      size: 706
    - path: src/cnnClassifier/pipeline/stage_01_data_ingestion.py
      hash: md5
      md5: 99d0479399627e7fdec3b307f32b652f
      size: 898
    outs:
    - path: artifacts/data_ingestion/Kidney-ct-scan-images
      hash: md5
      md5: 4f9b253b5fa20f4e6f4882b013e3684c.dir
      size: 60133401
      nfiles: 400
  prepare_base_model:
    cmd: python src/cnnClassifier/pipeline/stage_02_prepare_base_model.py
    deps:
    - path: config/config.yaml
      hash: md5
      md5: f867c7f699cb1a2e49646a8c210c9d22
      size: 706
    - path: src/cnnClassifier/pipeline/stage_02_prepare_base_model.py
      hash: md5
      md5: 8a64c2aaf53826eaae44cccb7ffd0dcd
      size: 927
    params:
      params.yaml:
        CLASSES: 2
        IMAGE_SIZE:
        - 224
        - 224
        - 3
        INCLUDE_TOP: false
        LEARNING_RATE: 0.01
        WEIGHTS: imagenet
    outs:
    - path: artifacts/prepare_base_model
      hash: md5
      md5: d822e8b98ad2234d432e6bdbaf3cddbb.dir
      size: 118053368
      nfiles: 2
  training:
    cmd: python src/cnnClassifier/pipeline/stage_03_model_training.py
    deps:
    - path: artifacts/data_ingestion/Kidney-ct-scan-images
      hash: md5
      md5: 4f9b253b5fa20f4e6f4882b013e3684c.dir
      size: 60133401
      nfiles: 400
    - path: artifacts/prepare_base_model
      hash: md5
      md5: d822e8b98ad2234d432e6bdbaf3cddbb.dir
      size: 118053368
      nfiles: 2
    - path: config/config.yaml
      hash: md5
      md5: f867c7f699cb1a2e49646a8c210c9d22
      size: 706
    - path: src/cnnClassifier/pipeline/stage_03_model_training.py
      hash: md5
      md5: b334386ad21fe9012f3423c0e99f078e
      size: 897
    params:
      params.yaml:
        AUGMENTATION: true
        BATCH_SIZE: 16
        EPOCHS: 100
        IMAGE_SIZE:
        - 224
        - 224
        - 3
    outs:
    - path: artifacts/training/model.h5
      hash: md5
      md5: 2f83ad29a23ce10a05843f2d78dbba3b
      size: 59135136
  model_evaluation:
    cmd: python src/cnnClassifier/pipeline/stage_04_model_evaluation.py
    deps:
    - path: artifacts/data_ingestion/Kidney-ct-scan-images
      hash: md5
      md5: 4f9b253b5fa20f4e6f4882b013e3684c.dir
      size: 60133401
      nfiles: 400
    - path: artifacts/training/model.h5
      hash: md5
      md5: 2f83ad29a23ce10a05843f2d78dbba3b
      size: 59135136
    - path: config/config.yaml
      hash: md5
      md5: f867c7f699cb1a2e49646a8c210c9d22
      size: 706
    - path: src/cnnClassifier/pipeline/stage_04_model_evaluation.py
      hash: md5
      md5: 6ac3e4cc5a3e0657564e0b5c6a2691c7
      size: 936
    params:
      params.yaml:
        BATCH_SIZE: 16
        IMAGE_SIZE:
        - 224
        - 224
        - 3
    outs:
    - path: scores.json
      hash: md5
      md5: 1e5d76141d64a90e5bac86a0fd8be8a2
      size: 72
